
Microsoft Visual Studio Solution File, Format Version 12.00
# Visual Studio Version 17
VisualStudioVersion = 17.1.32210.238
MinimumVisualStudioVersion = 10.0.40219.1
Project("{FAE04EC0-301F-11D3-BF4B-00C04F79EFBC}") = "Assembly-CSharp", "Assembly-CSharp.csproj", "{3D7E24D5-9F60-34CE-EB73-5861B0DBDB91}"
EndProject
Project("{FAE04EC0-301F-11D3-BF4B-00C04F79EFBC}") = "Assembly-CSharp-Editor", "Assembly-CSharp-Editor.csproj", "{AD167FF3-D681-DC48-BC4B-25346FD9477B}"
EndProject
Global
	GlobalSection(SolutionConfigurationPlatforms) = preSolution
		Debug|Any CPU = Debug|Any CPU
		Release|Any CPU = Release|Any CPU
	EndGlobalSection
	GlobalSection(ProjectConfigurationPlatforms) = postSolution
		{3D7E24D5-9F60-34CE-EB73-5861B0DBDB91}.Debug|Any CPU.ActiveCfg = Debug|Any CPU
		{3D7E24D5-9F60-34CE-EB73-5861B0DBDB91}.Debug|Any CPU.Build.0 = Debug|Any CPU
		{3D7E24D5-9F60-34CE-EB73-5861B0DBDB91}.Release|Any CPU.ActiveCfg = Release|Any CPU
		{3D7E24D5-9F60-34CE-EB73-5861B0DBDB91}.Release|Any CPU.Build.0 = Release|Any CPU
		{AD167FF3-D681-DC48-BC4B-25346FD9477B}.Debug|Any CPU.ActiveCfg = Debug|Any CPU
		{AD167FF3-D681-DC48-BC4B-25346FD9477B}.Debug|Any CPU.Build.0 = Debug|Any CPU
		{AD167FF3-D681-DC48-BC4B-25346FD9477B}.Release|Any CPU.ActiveCfg = Release|Any CPU
		{AD167FF3-D681-DC48-BC4B-25346FD9477B}.Release|Any CPU.Build.0 = Release|Any CPU
	EndGlobalSection
	GlobalSection(SolutionProperties) = preSolution
		HideSolutionNode = FALSE
	EndGlobalSection
	GlobalSection(ExtensibilityGlobals) = postSolution
		SolutionGuid = {35E5AC64-86A2-480C-8A04-80F7FD8D0A9A}
	EndGlobalSection
EndGlobal
